
Microsoft Visual Studio Solution File, Format Version 12.00
# Visual Studio 2015
Project("{FAE04EC0-301F-11D3-BF4B-00C04F79EFBC}") = "unity-environment.CSharp", "unity-environment.CSharp.csproj", "{843E9221-84CC-5F00-372C-CD09DA52F179}"
EndProject
Project("{FAE04EC0-301F-11D3-BF4B-00C04F79EFBC}") = "unity-environment.CSharp.Editor", "unity-environment.CSharp.Editor.csproj", "{6A0E7D4E-D736-0FA5-55EF-CD3679283F3E}"
EndProject
Global
	GlobalSection(SolutionConfigurationPlatforms) = preSolution
		Debug|Any CPU = Debug|Any CPU
		Release|Any CPU = Release|Any CPU
	EndGlobalSection
	GlobalSection(ProjectConfigurationPlatforms) = postSolution
		{843E9221-84CC-5F00-372C-CD09DA52F179}.Debug|Any CPU.ActiveCfg = Debug|Any CPU
		{843E9221-84CC-5F00-372C-CD09DA52F179}.Debug|Any CPU.Build.0 = Debug|Any CPU
		{843E9221-84CC-5F00-372C-CD09DA52F179}.Release|Any CPU.ActiveCfg = Release|Any CPU
		{843E9221-84CC-5F00-372C-CD09DA52F179}.Release|Any CPU.Build.0 = Release|Any CPU
		{6A0E7D4E-D736-0FA5-55EF-CD3679283F3E}.Debug|Any CPU.ActiveCfg = Debug|Any CPU
		{6A0E7D4E-D736-0FA5-55EF-CD3679283F3E}.Debug|Any CPU.Build.0 = Debug|Any CPU
		{6A0E7D4E-D736-0FA5-55EF-CD3679283F3E}.Release|Any CPU.ActiveCfg = Release|Any CPU
		{6A0E7D4E-D736-0FA5-55EF-CD3679283F3E}.Release|Any CPU.Build.0 = Release|Any CPU
	EndGlobalSection
	GlobalSection(SolutionProperties) = preSolution
		HideSolutionNode = FALSE
	EndGlobalSection
EndGlobal
